# THIS IS AN AUTOGENERATED FILE. DO NOT EDIT THIS FILE DIRECTLY.
# yarn lockfile v1


debug@^4.1.1:
  version "4.1.1"
  resolved "https://registry.yarnpkg.com/debug/-/debug-4.1.1.tgz#3b72260255109c6b589cee050f1d516139664791"
  integrity sha512-pYAIzeRo8J6KPEaJ0VWOh5Pzkbw/RetuzehGM7QRRX5he4fPHx2rdKMB256ehJCkX+XRQm16eZLqLNS8RSZXZw==
  dependencies:
    ms "^2.1.1"

function-bind@^1.1.1:
  version "1.1.1"
  resolved "https://registry.yarnpkg.com/function-bind/-/function-bind-1.1.1.tgz#a56899d3ea3c9bab874bb9773b7c5ede92f4895d"
  integrity sha512-yIovAzMX49sF8Yl58fSCWJ5svSLuaibPxXQJFLmBObTuCr0Mf1KiPopGM9NiFjiYBCbfaa2Fh6breQ6ANVTI0A==

has@^1.0.3:
  version "1.0.3"
  resolved "https://registry.yarnpkg.com/has/-/has-1.0.3.tgz#722d7cbfc1f6aa8241f16dd814e011e1f41e8796"
  integrity sha512-f2dvO0VU6Oej7RkWJGrehjbzMAjFp5/VKPp5tTpWIV4JHHZK1/BxbFRtf/siA2SWTe09caDmVtYYzWEIbBS4zw==
  dependencies:
    function-bind "^1.1.1"

is-core-module@^2.9.0:
  version "2.10.0"
  resolved "https://registry.yarnpkg.com/is-core-module/-/is-core-module-2.10.0.tgz#9012ede0a91c69587e647514e1d5277019e728ed"
  integrity sha512-Erxj2n/LDAZ7H8WNJXd9tw38GYM3dv8rk8Zcs+jJuxYTW7sozH+SS8NtrSjVL1/vpLvWi1hxy96IzjJ3EHTJJg==
  dependencies:
    has "^1.0.3"

module-details-from-path@^1.0.3:
  version "1.0.3"
  resolved "https://registry.yarnpkg.com/module-details-from-path/-/module-details-from-path-1.0.3.tgz#114c949673e2a8a35e9d35788527aa37b679da2b"
  integrity sha1-EUyUlnPiqKNenTV4hSeqN7Z52is=

ms@^2.1.1:
  version "2.1.2"
  resolved "https://registry.yarnpkg.com/ms/-/ms-2.1.2.tgz#d09d1f357b443f493382a8eb3ccd183872ae6009"
  integrity sha512-sGkPx+VjMtmA6MX27oA4FBFELFCZZ4S4XqeGOXCv68tT+jb3vk/RyaKWP0PTKyWtmLSM0b+adUTEvbs1PEaH2w==

path-parse@^1.0.7:
  version "1.0.7"
  resolved "https://registry.yarnpkg.com/path-parse/-/path-parse-1.0.7.tgz#fbc114b60ca42b30d9daf5858e4bd68bbedb6735"
  integrity sha512-LDJzPVEEEPR+y48z93A0Ed0yXb8pAByGWo/k5YYdYgpY2/2EsOsksJrq7lOHxryrVOn1ejG6oAp8ahvOIQD8sw==

preact@^10.3.2:
  version "10.10.2"
  resolved "https://registry.yarnpkg.com/preact/-/preact-10.10.2.tgz#3460d456d84c4701af33ac37e9bd3054271d5b1e"
  integrity sha512-GUXSsfwq4NKhlLYY5ctfNE0IjFk7Xo4952yPI8yMkXdhzeQmQ+FahZITe7CeHXMPyKBVQ8SoCmGNIy9TSOdhgQ==

require-in-the-middle@^5.0.3:
  version "5.2.0"
  resolved "https://registry.yarnpkg.com/require-in-the-middle/-/require-in-the-middle-5.2.0.tgz#4b71e3cc7f59977100af9beb76bf2d056a5a6de2"
  integrity sha512-efCx3b+0Z69/LGJmm9Yvi4cqEdxnoGnxYxGxBghkkTTFeXRtTCmmhO0AnAfHz59k957uTSuy8WaHqOs8wbYUWg==
  dependencies:
    debug "^4.1.1"
    module-details-from-path "^1.0.3"
    resolve "^1.22.1"

resolve@^1.22.1:
  version "1.22.1"
  resolved "https://registry.yarnpkg.com/resolve/-/resolve-1.22.1.tgz#27cb2ebb53f91abb49470a928bba7558066ac177"
  integrity sha512-nBpuuYuY5jFsli/JIs1oldw6fOQCBioohqWZg/2hiaOybXOft4lonv85uDOKXdf8rhyK159cxU5cDcK/NKk8zw==
  dependencies:
    is-core-module "^2.9.0"
    path-parse "^1.0.7"
    supports-preserve-symlinks-flag "^1.0.0"

supports-preserve-symlinks-flag@^1.0.0:
  version "1.0.0"
  resolved "https://registry.yarnpkg.com/supports-preserve-symlinks-flag/-/supports-preserve-symlinks-flag-1.0.0.tgz#6eda4bd344a3c94aea376d4cc31bc77311039e09"
  integrity sha512-ot0WnXS9fgdkgIcePe6RHNk1WA8+muPa6cSjeR3V8K27q9BB1rTE3R1p7Hv0z1ZyAc8s6Vvv8DIyWf681MAt0w==
